
Microsoft Visual Studio Solution File, Format Version 12.00
# Visual Studio 15
Project("{FAE04EC0-301F-11D3-BF4B-00C04F79EFBC}") = "Jamaa.Domain", "Jamaa.Domain\Jamaa.Domain.csproj", "{2CF051B6-E9A0-4EA8-92DD-87BCAB42BFB8}"
EndProject
Project("{2150E333-8FDC-42A3-9474-1A3956D46DE8}") = "Requirements & Design", "Requirements & Design", "{4358E602-B9FD-43EE-A842-19200DFF1E0A}"
	ProjectSection(SolutionItems) = preProject
		Product Idea.md = Product Idea.md
	EndProjectSection
EndProject
Project("{FAE04EC0-301F-11D3-BF4B-00C04F79EFBC}") = "UnitTests", "Tests\UnitTests.csproj", "{443D1730-F063-4BBF-BCA3-2801E2EEA961}"
EndProject
Project("{2150E333-8FDC-42A3-9474-1A3956D46DE8}") = "Tests", "Tests", "{F79C4C16-F299-4EFD-BF2D-44DBB08C0753}"
EndProject
Project("{FAE04EC0-301F-11D3-BF4B-00C04F79EFBC}") = "Jamaa.Desktop", "Jamaa.Desktop\Jamaa.Desktop.csproj", "{9F00D531-482F-43B3-BABE-23DB9044AF35}"
EndProject
Project("{FAE04EC0-301F-11D3-BF4B-00C04F79EFBC}") = "Jamaa.Data", "Jamaa.Data\Jamaa.Data.csproj", "{878CCB40-6E79-4250-8818-61A9AAD372A4}"
EndProject
Project("{FAE04EC0-301F-11D3-BF4B-00C04F79EFBC}") = "Jamaa.Application", "Jamaa.Application\Jamaa.Application.csproj", "{5E6027FC-A3EC-430B-8EDA-E10CDCC93762}"
EndProject
Project("{FAE04EC0-301F-11D3-BF4B-00C04F79EFBC}") = "Jamaa.Elsa.Server", "Jamaa.Elsa.Server\Jamaa.Elsa.Server.csproj", "{1AC2EE29-DA77-4D7D-8BC7-06B98F861745}"
EndProject
Project("{FAE04EC0-301F-11D3-BF4B-00C04F79EFBC}") = "Jamaa.Elsa.Studio", "Jamaa.Elsa.Studio\Jamaa.Elsa.Studio.csproj", "{63289A2E-5FC9-4B18-82B4-18A00B1B727C}"
EndProject
Global
	GlobalSection(SolutionConfigurationPlatforms) = preSolution
		Debug|anycpu = Debug|anycpu
		Debug|iPhoneSimulator = Debug|iPhoneSimulator
		Debug|iPhone = Debug|iPhone
		Debug|x86 = Debug|x86
		Debug|x64 = Debug|x64
		Debug|arm64 = Debug|arm64
		Debug|Any CPU = Debug|Any CPU
		Release|anycpu = Release|anycpu
		Release|iPhoneSimulator = Release|iPhoneSimulator
		Release|iPhone = Release|iPhone
		Release|x86 = Release|x86
		Release|x64 = Release|x64
		Release|arm64 = Release|arm64
		Release|Any CPU = Release|Any CPU
		Ad-Hoc|anycpu = Ad-Hoc|anycpu
		Ad-Hoc|iPhoneSimulator = Ad-Hoc|iPhoneSimulator
		Ad-Hoc|iPhone = Ad-Hoc|iPhone
		Ad-Hoc|x86 = Ad-Hoc|x86
		Ad-Hoc|x64 = Ad-Hoc|x64
		Ad-Hoc|arm64 = Ad-Hoc|arm64
		Ad-Hoc|Any CPU = Ad-Hoc|Any CPU
		AppStore|anycpu = AppStore|anycpu
		AppStore|iPhoneSimulator = AppStore|iPhoneSimulator
		AppStore|iPhone = AppStore|iPhone
		AppStore|x86 = AppStore|x86
		AppStore|x64 = AppStore|x64
		AppStore|arm64 = AppStore|arm64
		AppStore|Any CPU = AppStore|Any CPU
	EndGlobalSection
	GlobalSection(ProjectConfigurationPlatforms) = postSolution
		{2CF051B6-E9A0-4EA8-92DD-87BCAB42BFB8}.Debug|anycpu.ActiveCfg = Debug|Any CPU
		{2CF051B6-E9A0-4EA8-92DD-87BCAB42BFB8}.Debug|anycpu.Build.0 = Debug|Any CPU
		{2CF051B6-E9A0-4EA8-92DD-87BCAB42BFB8}.Debug|iPhoneSimulator.ActiveCfg = Debug|Any CPU
		{2CF051B6-E9A0-4EA8-92DD-87BCAB42BFB8}.Debug|iPhoneSimulator.Build.0 = Debug|Any CPU
		{2CF051B6-E9A0-4EA8-92DD-87BCAB42BFB8}.Debug|iPhone.ActiveCfg = Debug|Any CPU
		{2CF051B6-E9A0-4EA8-92DD-87BCAB42BFB8}.Debug|iPhone.Build.0 = Debug|Any CPU
		{2CF051B6-E9A0-4EA8-92DD-87BCAB42BFB8}.Debug|x86.ActiveCfg = Debug|Any CPU
		{2CF051B6-E9A0-4EA8-92DD-87BCAB42BFB8}.Debug|x86.Build.0 = Debug|Any CPU
		{2CF051B6-E9A0-4EA8-92DD-87BCAB42BFB8}.Debug|x64.ActiveCfg = Debug|Any CPU
		{2CF051B6-E9A0-4EA8-92DD-87BCAB42BFB8}.Debug|x64.Build.0 = Debug|Any CPU
		{2CF051B6-E9A0-4EA8-92DD-87BCAB42BFB8}.Debug|arm64.ActiveCfg = Debug|Any CPU
		{2CF051B6-E9A0-4EA8-92DD-87BCAB42BFB8}.Debug|arm64.Build.0 = Debug|Any CPU
		{2CF051B6-E9A0-4EA8-92DD-87BCAB42BFB8}.Debug|Any CPU.ActiveCfg = Debug|Any CPU
		{2CF051B6-E9A0-4EA8-92DD-87BCAB42BFB8}.Debug|Any CPU.Build.0 = Debug|Any CPU
		{2CF051B6-E9A0-4EA8-92DD-87BCAB42BFB8}.Release|anycpu.ActiveCfg = Release|Any CPU
		{2CF051B6-E9A0-4EA8-92DD-87BCAB42BFB8}.Release|anycpu.Build.0 = Release|Any CPU
		{2CF051B6-E9A0-4EA8-92DD-87BCAB42BFB8}.Release|iPhoneSimulator.ActiveCfg = Release|Any CPU
		{2CF051B6-E9A0-4EA8-92DD-87BCAB42BFB8}.Release|iPhoneSimulator.Build.0 = Release|Any CPU
		{2CF051B6-E9A0-4EA8-92DD-87BCAB42BFB8}.Release|iPhone.ActiveCfg = Release|Any CPU
		{2CF051B6-E9A0-4EA8-92DD-87BCAB42BFB8}.Release|iPhone.Build.0 = Release|Any CPU
		{2CF051B6-E9A0-4EA8-92DD-87BCAB42BFB8}.Release|x86.ActiveCfg = Release|Any CPU
		{2CF051B6-E9A0-4EA8-92DD-87BCAB42BFB8}.Release|x86.Build.0 = Release|Any CPU
		{2CF051B6-E9A0-4EA8-92DD-87BCAB42BFB8}.Release|x64.ActiveCfg = Release|Any CPU
		{2CF051B6-E9A0-4EA8-92DD-87BCAB42BFB8}.Release|x64.Build.0 = Release|Any CPU
		{2CF051B6-E9A0-4EA8-92DD-87BCAB42BFB8}.Release|arm64.ActiveCfg = Release|Any CPU
		{2CF051B6-E9A0-4EA8-92DD-87BCAB42BFB8}.Release|arm64.Build.0 = Release|Any CPU
		{2CF051B6-E9A0-4EA8-92DD-87BCAB42BFB8}.Release|Any CPU.ActiveCfg = Release|Any CPU
		{2CF051B6-E9A0-4EA8-92DD-87BCAB42BFB8}.Release|Any CPU.Build.0 = Release|Any CPU
		{2CF051B6-E9A0-4EA8-92DD-87BCAB42BFB8}.Ad-Hoc|iPhone.ActiveCfg = Debug|Any CPU
		{2CF051B6-E9A0-4EA8-92DD-87BCAB42BFB8}.Ad-Hoc|iPhone.Build.0 = Debug|Any CPU
		{2CF051B6-E9A0-4EA8-92DD-87BCAB42BFB8}.Ad-Hoc|Any CPU.ActiveCfg = Ad-Hoc|Any CPU
		{2CF051B6-E9A0-4EA8-92DD-87BCAB42BFB8}.Ad-Hoc|Any CPU.Build.0 = Ad-Hoc|Any CPU
		{2CF051B6-E9A0-4EA8-92DD-87BCAB42BFB8}.AppStore|iPhone.ActiveCfg = Debug|Any CPU
		{2CF051B6-E9A0-4EA8-92DD-87BCAB42BFB8}.AppStore|iPhone.Build.0 = Debug|Any CPU
		{2CF051B6-E9A0-4EA8-92DD-87BCAB42BFB8}.AppStore|Any CPU.ActiveCfg = AppStore|Any CPU
		{2CF051B6-E9A0-4EA8-92DD-87BCAB42BFB8}.AppStore|Any CPU.Build.0 = AppStore|Any CPU
		{443D1730-F063-4BBF-BCA3-2801E2EEA961}.Debug|anycpu.ActiveCfg = Debug|Any CPU
		{443D1730-F063-4BBF-BCA3-2801E2EEA961}.Debug|anycpu.Build.0 = Debug|Any CPU
		{443D1730-F063-4BBF-BCA3-2801E2EEA961}.Debug|iPhoneSimulator.ActiveCfg = Debug|Any CPU
		{443D1730-F063-4BBF-BCA3-2801E2EEA961}.Debug|iPhoneSimulator.Build.0 = Debug|Any CPU
		{443D1730-F063-4BBF-BCA3-2801E2EEA961}.Debug|iPhone.ActiveCfg = Debug|Any CPU
		{443D1730-F063-4BBF-BCA3-2801E2EEA961}.Debug|iPhone.Build.0 = Debug|Any CPU
		{443D1730-F063-4BBF-BCA3-2801E2EEA961}.Debug|x86.ActiveCfg = Debug|Any CPU
		{443D1730-F063-4BBF-BCA3-2801E2EEA961}.Debug|x86.Build.0 = Debug|Any CPU
		{443D1730-F063-4BBF-BCA3-2801E2EEA961}.Debug|x64.ActiveCfg = Debug|Any CPU
		{443D1730-F063-4BBF-BCA3-2801E2EEA961}.Debug|x64.Build.0 = Debug|Any CPU
		{443D1730-F063-4BBF-BCA3-2801E2EEA961}.Debug|arm64.ActiveCfg = Debug|Any CPU
		{443D1730-F063-4BBF-BCA3-2801E2EEA961}.Debug|arm64.Build.0 = Debug|Any CPU
		{443D1730-F063-4BBF-BCA3-2801E2EEA961}.Debug|Any CPU.ActiveCfg = Debug|Any CPU
		{443D1730-F063-4BBF-BCA3-2801E2EEA961}.Debug|Any CPU.Build.0 = Debug|Any CPU
		{443D1730-F063-4BBF-BCA3-2801E2EEA961}.Release|anycpu.ActiveCfg = Release|Any CPU
		{443D1730-F063-4BBF-BCA3-2801E2EEA961}.Release|anycpu.Build.0 = Release|Any CPU
		{443D1730-F063-4BBF-BCA3-2801E2EEA961}.Release|iPhoneSimulator.ActiveCfg = Release|Any CPU
		{443D1730-F063-4BBF-BCA3-2801E2EEA961}.Release|iPhoneSimulator.Build.0 = Release|Any CPU
		{443D1730-F063-4BBF-BCA3-2801E2EEA961}.Release|iPhone.ActiveCfg = Release|Any CPU
		{443D1730-F063-4BBF-BCA3-2801E2EEA961}.Release|iPhone.Build.0 = Release|Any CPU
		{443D1730-F063-4BBF-BCA3-2801E2EEA961}.Release|x86.ActiveCfg = Release|Any CPU
		{443D1730-F063-4BBF-BCA3-2801E2EEA961}.Release|x86.Build.0 = Release|Any CPU
		{443D1730-F063-4BBF-BCA3-2801E2EEA961}.Release|x64.ActiveCfg = Release|Any CPU
		{443D1730-F063-4BBF-BCA3-2801E2EEA961}.Release|x64.Build.0 = Release|Any CPU
		{443D1730-F063-4BBF-BCA3-2801E2EEA961}.Release|arm64.ActiveCfg = Release|Any CPU
		{443D1730-F063-4BBF-BCA3-2801E2EEA961}.Release|arm64.Build.0 = Release|Any CPU
		{443D1730-F063-4BBF-BCA3-2801E2EEA961}.Release|Any CPU.ActiveCfg = Release|Any CPU
		{443D1730-F063-4BBF-BCA3-2801E2EEA961}.Release|Any CPU.Build.0 = Release|Any CPU
		{443D1730-F063-4BBF-BCA3-2801E2EEA961}.Ad-Hoc|iPhone.ActiveCfg = Debug|Any CPU
		{443D1730-F063-4BBF-BCA3-2801E2EEA961}.Ad-Hoc|iPhone.Build.0 = Debug|Any CPU
		{443D1730-F063-4BBF-BCA3-2801E2EEA961}.Ad-Hoc|Any CPU.ActiveCfg = Ad-Hoc|Any CPU
		{443D1730-F063-4BBF-BCA3-2801E2EEA961}.Ad-Hoc|Any CPU.Build.0 = Ad-Hoc|Any CPU
		{443D1730-F063-4BBF-BCA3-2801E2EEA961}.AppStore|iPhone.ActiveCfg = Debug|Any CPU
		{443D1730-F063-4BBF-BCA3-2801E2EEA961}.AppStore|iPhone.Build.0 = Debug|Any CPU
		{443D1730-F063-4BBF-BCA3-2801E2EEA961}.AppStore|Any CPU.ActiveCfg = AppStore|Any CPU
		{443D1730-F063-4BBF-BCA3-2801E2EEA961}.AppStore|Any CPU.Build.0 = AppStore|Any CPU
		{9F00D531-482F-43B3-BABE-23DB9044AF35}.Debug|anycpu.ActiveCfg = Debug|Any CPU
		{9F00D531-482F-43B3-BABE-23DB9044AF35}.Debug|anycpu.Build.0 = Debug|Any CPU
		{9F00D531-482F-43B3-BABE-23DB9044AF35}.Debug|iPhoneSimulator.ActiveCfg = Debug|Any CPU
		{9F00D531-482F-43B3-BABE-23DB9044AF35}.Debug|iPhoneSimulator.Build.0 = Debug|Any CPU
		{9F00D531-482F-43B3-BABE-23DB9044AF35}.Debug|iPhone.ActiveCfg = Debug|Any CPU
		{9F00D531-482F-43B3-BABE-23DB9044AF35}.Debug|iPhone.Build.0 = Debug|Any CPU
		{9F00D531-482F-43B3-BABE-23DB9044AF35}.Debug|x86.ActiveCfg = Debug|Any CPU
		{9F00D531-482F-43B3-BABE-23DB9044AF35}.Debug|x86.Build.0 = Debug|Any CPU
		{9F00D531-482F-43B3-BABE-23DB9044AF35}.Debug|x64.ActiveCfg = Debug|Any CPU
		{9F00D531-482F-43B3-BABE-23DB9044AF35}.Debug|x64.Build.0 = Debug|Any CPU
		{9F00D531-482F-43B3-BABE-23DB9044AF35}.Debug|arm64.ActiveCfg = Debug|Any CPU
		{9F00D531-482F-43B3-BABE-23DB9044AF35}.Debug|arm64.Build.0 = Debug|Any CPU
		{9F00D531-482F-43B3-BABE-23DB9044AF35}.Debug|Any CPU.ActiveCfg = Debug|Any CPU
		{9F00D531-482F-43B3-BABE-23DB9044AF35}.Debug|Any CPU.Build.0 = Debug|Any CPU
		{9F00D531-482F-43B3-BABE-23DB9044AF35}.Release|anycpu.ActiveCfg = Release|Any CPU
		{9F00D531-482F-43B3-BABE-23DB9044AF35}.Release|anycpu.Build.0 = Release|Any CPU
		{9F00D531-482F-43B3-BABE-23DB9044AF35}.Release|iPhoneSimulator.ActiveCfg = Release|Any CPU
		{9F00D531-482F-43B3-BABE-23DB9044AF35}.Release|iPhoneSimulator.Build.0 = Release|Any CPU
		{9F00D531-482F-43B3-BABE-23DB9044AF35}.Release|iPhone.ActiveCfg = Release|Any CPU
		{9F00D531-482F-43B3-BABE-23DB9044AF35}.Release|iPhone.Build.0 = Release|Any CPU
		{9F00D531-482F-43B3-BABE-23DB9044AF35}.Release|x86.ActiveCfg = Release|Any CPU
		{9F00D531-482F-43B3-BABE-23DB9044AF35}.Release|x86.Build.0 = Release|Any CPU
		{9F00D531-482F-43B3-BABE-23DB9044AF35}.Release|x64.ActiveCfg = Release|Any CPU
		{9F00D531-482F-43B3-BABE-23DB9044AF35}.Release|x64.Build.0 = Release|Any CPU
		{9F00D531-482F-43B3-BABE-23DB9044AF35}.Release|arm64.ActiveCfg = Release|Any CPU
		{9F00D531-482F-43B3-BABE-23DB9044AF35}.Release|arm64.Build.0 = Release|Any CPU
		{9F00D531-482F-43B3-BABE-23DB9044AF35}.Release|Any CPU.ActiveCfg = Release|Any CPU
		{9F00D531-482F-43B3-BABE-23DB9044AF35}.Release|Any CPU.Build.0 = Release|Any CPU
		{9F00D531-482F-43B3-BABE-23DB9044AF35}.Ad-Hoc|iPhone.ActiveCfg = Debug|Any CPU
		{9F00D531-482F-43B3-BABE-23DB9044AF35}.Ad-Hoc|iPhone.Build.0 = Debug|Any CPU
		{9F00D531-482F-43B3-BABE-23DB9044AF35}.Ad-Hoc|Any CPU.ActiveCfg = Ad-Hoc|Any CPU
		{9F00D531-482F-43B3-BABE-23DB9044AF35}.Ad-Hoc|Any CPU.Build.0 = Ad-Hoc|Any CPU
		{9F00D531-482F-43B3-BABE-23DB9044AF35}.AppStore|iPhone.ActiveCfg = Debug|Any CPU
		{9F00D531-482F-43B3-BABE-23DB9044AF35}.AppStore|iPhone.Build.0 = Debug|Any CPU
		{9F00D531-482F-43B3-BABE-23DB9044AF35}.AppStore|Any CPU.ActiveCfg = AppStore|Any CPU
		{9F00D531-482F-43B3-BABE-23DB9044AF35}.AppStore|Any CPU.Build.0 = AppStore|Any CPU
		{878CCB40-6E79-4250-8818-61A9AAD372A4}.Debug|anycpu.ActiveCfg = Debug|Any CPU
		{878CCB40-6E79-4250-8818-61A9AAD372A4}.Debug|anycpu.Build.0 = Debug|Any CPU
		{878CCB40-6E79-4250-8818-61A9AAD372A4}.Debug|iPhoneSimulator.ActiveCfg = Debug|Any CPU
		{878CCB40-6E79-4250-8818-61A9AAD372A4}.Debug|iPhoneSimulator.Build.0 = Debug|Any CPU
		{878CCB40-6E79-4250-8818-61A9AAD372A4}.Debug|iPhone.ActiveCfg = Debug|Any CPU
		{878CCB40-6E79-4250-8818-61A9AAD372A4}.Debug|iPhone.Build.0 = Debug|Any CPU
		{878CCB40-6E79-4250-8818-61A9AAD372A4}.Debug|x86.ActiveCfg = Debug|Any CPU
		{878CCB40-6E79-4250-8818-61A9AAD372A4}.Debug|x86.Build.0 = Debug|Any CPU
		{878CCB40-6E79-4250-8818-61A9AAD372A4}.Debug|x64.ActiveCfg = Debug|Any CPU
		{878CCB40-6E79-4250-8818-61A9AAD372A4}.Debug|x64.Build.0 = Debug|Any CPU
		{878CCB40-6E79-4250-8818-61A9AAD372A4}.Debug|arm64.ActiveCfg = Debug|Any CPU
		{878CCB40-6E79-4250-8818-61A9AAD372A4}.Debug|arm64.Build.0 = Debug|Any CPU
		{878CCB40-6E79-4250-8818-61A9AAD372A4}.Debug|Any CPU.ActiveCfg = Debug|Any CPU
		{878CCB40-6E79-4250-8818-61A9AAD372A4}.Debug|Any CPU.Build.0 = Debug|Any CPU
		{878CCB40-6E79-4250-8818-61A9AAD372A4}.Release|anycpu.ActiveCfg = Release|Any CPU
		{878CCB40-6E79-4250-8818-61A9AAD372A4}.Release|anycpu.Build.0 = Release|Any CPU
		{878CCB40-6E79-4250-8818-61A9AAD372A4}.Release|iPhoneSimulator.ActiveCfg = Release|Any CPU
		{878CCB40-6E79-4250-8818-61A9AAD372A4}.Release|iPhoneSimulator.Build.0 = Release|Any CPU
		{878CCB40-6E79-4250-8818-61A9AAD372A4}.Release|iPhone.ActiveCfg = Release|Any CPU
		{878CCB40-6E79-4250-8818-61A9AAD372A4}.Release|iPhone.Build.0 = Release|Any CPU
		{878CCB40-6E79-4250-8818-61A9AAD372A4}.Release|x86.ActiveCfg = Release|Any CPU
		{878CCB40-6E79-4250-8818-61A9AAD372A4}.Release|x86.Build.0 = Release|Any CPU
		{878CCB40-6E79-4250-8818-61A9AAD372A4}.Release|x64.ActiveCfg = Release|Any CPU
		{878CCB40-6E79-4250-8818-61A9AAD372A4}.Release|x64.Build.0 = Release|Any CPU
		{878CCB40-6E79-4250-8818-61A9AAD372A4}.Release|arm64.ActiveCfg = Release|Any CPU
		{878CCB40-6E79-4250-8818-61A9AAD372A4}.Release|arm64.Build.0 = Release|Any CPU
		{878CCB40-6E79-4250-8818-61A9AAD372A4}.Release|Any CPU.ActiveCfg = Release|Any CPU
		{878CCB40-6E79-4250-8818-61A9AAD372A4}.Release|Any CPU.Build.0 = Release|Any CPU
		{878CCB40-6E79-4250-8818-61A9AAD372A4}.Ad-Hoc|iPhone.ActiveCfg = Debug|Any CPU
		{878CCB40-6E79-4250-8818-61A9AAD372A4}.Ad-Hoc|iPhone.Build.0 = Debug|Any CPU
		{878CCB40-6E79-4250-8818-61A9AAD372A4}.Ad-Hoc|Any CPU.ActiveCfg = Ad-Hoc|Any CPU
		{878CCB40-6E79-4250-8818-61A9AAD372A4}.Ad-Hoc|Any CPU.Build.0 = Ad-Hoc|Any CPU
		{878CCB40-6E79-4250-8818-61A9AAD372A4}.AppStore|iPhone.ActiveCfg = Debug|Any CPU
		{878CCB40-6E79-4250-8818-61A9AAD372A4}.AppStore|iPhone.Build.0 = Debug|Any CPU
		{878CCB40-6E79-4250-8818-61A9AAD372A4}.AppStore|Any CPU.ActiveCfg = AppStore|Any CPU
		{878CCB40-6E79-4250-8818-61A9AAD372A4}.AppStore|Any CPU.Build.0 = AppStore|Any CPU
		{5E6027FC-A3EC-430B-8EDA-E10CDCC93762}.Debug|anycpu.ActiveCfg = Debug|Any CPU
		{5E6027FC-A3EC-430B-8EDA-E10CDCC93762}.Debug|anycpu.Build.0 = Debug|Any CPU
		{5E6027FC-A3EC-430B-8EDA-E10CDCC93762}.Debug|iPhoneSimulator.ActiveCfg = Debug|Any CPU
		{5E6027FC-A3EC-430B-8EDA-E10CDCC93762}.Debug|iPhoneSimulator.Build.0 = Debug|Any CPU
		{5E6027FC-A3EC-430B-8EDA-E10CDCC93762}.Debug|iPhone.ActiveCfg = Debug|Any CPU
		{5E6027FC-A3EC-430B-8EDA-E10CDCC93762}.Debug|iPhone.Build.0 = Debug|Any CPU
		{5E6027FC-A3EC-430B-8EDA-E10CDCC93762}.Debug|x86.ActiveCfg = Debug|Any CPU
		{5E6027FC-A3EC-430B-8EDA-E10CDCC93762}.Debug|x86.Build.0 = Debug|Any CPU
		{5E6027FC-A3EC-430B-8EDA-E10CDCC93762}.Debug|x64.ActiveCfg = Debug|Any CPU
		{5E6027FC-A3EC-430B-8EDA-E10CDCC93762}.Debug|x64.Build.0 = Debug|Any CPU
		{5E6027FC-A3EC-430B-8EDA-E10CDCC93762}.Debug|arm64.ActiveCfg = Debug|Any CPU
		{5E6027FC-A3EC-430B-8EDA-E10CDCC93762}.Debug|arm64.Build.0 = Debug|Any CPU
		{5E6027FC-A3EC-430B-8EDA-E10CDCC93762}.Debug|Any CPU.ActiveCfg = Debug|Any CPU
		{5E6027FC-A3EC-430B-8EDA-E10CDCC93762}.Debug|Any CPU.Build.0 = Debug|Any CPU
		{5E6027FC-A3EC-430B-8EDA-E10CDCC93762}.Release|anycpu.ActiveCfg = Release|Any CPU
		{5E6027FC-A3EC-430B-8EDA-E10CDCC93762}.Release|anycpu.Build.0 = Release|Any CPU
		{5E6027FC-A3EC-430B-8EDA-E10CDCC93762}.Release|iPhoneSimulator.ActiveCfg = Release|Any CPU
		{5E6027FC-A3EC-430B-8EDA-E10CDCC93762}.Release|iPhoneSimulator.Build.0 = Release|Any CPU
		{5E6027FC-A3EC-430B-8EDA-E10CDCC93762}.Release|iPhone.ActiveCfg = Release|Any CPU
		{5E6027FC-A3EC-430B-8EDA-E10CDCC93762}.Release|iPhone.Build.0 = Release|Any CPU
		{5E6027FC-A3EC-430B-8EDA-E10CDCC93762}.Release|x86.ActiveCfg = Release|Any CPU
		{5E6027FC-A3EC-430B-8EDA-E10CDCC93762}.Release|x86.Build.0 = Release|Any CPU
		{5E6027FC-A3EC-430B-8EDA-E10CDCC93762}.Release|x64.ActiveCfg = Release|Any CPU
		{5E6027FC-A3EC-430B-8EDA-E10CDCC93762}.Release|x64.Build.0 = Release|Any CPU
		{5E6027FC-A3EC-430B-8EDA-E10CDCC93762}.Release|arm64.ActiveCfg = Release|Any CPU
		{5E6027FC-A3EC-430B-8EDA-E10CDCC93762}.Release|arm64.Build.0 = Release|Any CPU
		{5E6027FC-A3EC-430B-8EDA-E10CDCC93762}.Release|Any CPU.ActiveCfg = Release|Any CPU
		{5E6027FC-A3EC-430B-8EDA-E10CDCC93762}.Release|Any CPU.Build.0 = Release|Any CPU
		{5E6027FC-A3EC-430B-8EDA-E10CDCC93762}.Ad-Hoc|iPhone.ActiveCfg = Debug|Any CPU
		{5E6027FC-A3EC-430B-8EDA-E10CDCC93762}.Ad-Hoc|iPhone.Build.0 = Debug|Any CPU
		{5E6027FC-A3EC-430B-8EDA-E10CDCC93762}.Ad-Hoc|Any CPU.ActiveCfg = Ad-Hoc|Any CPU
		{5E6027FC-A3EC-430B-8EDA-E10CDCC93762}.Ad-Hoc|Any CPU.Build.0 = Ad-Hoc|Any CPU
		{5E6027FC-A3EC-430B-8EDA-E10CDCC93762}.AppStore|iPhone.ActiveCfg = Debug|Any CPU
		{5E6027FC-A3EC-430B-8EDA-E10CDCC93762}.AppStore|iPhone.Build.0 = Debug|Any CPU
		{5E6027FC-A3EC-430B-8EDA-E10CDCC93762}.AppStore|Any CPU.ActiveCfg = AppStore|Any CPU
		{5E6027FC-A3EC-430B-8EDA-E10CDCC93762}.AppStore|Any CPU.Build.0 = AppStore|Any CPU
		{1AC2EE29-DA77-4D7D-8BC7-06B98F861745}.Debug|anycpu.ActiveCfg = Debug|Any CPU
		{1AC2EE29-DA77-4D7D-8BC7-06B98F861745}.Debug|anycpu.Build.0 = Debug|Any CPU
		{1AC2EE29-DA77-4D7D-8BC7-06B98F861745}.Debug|iPhoneSimulator.ActiveCfg = Debug|Any CPU
		{1AC2EE29-DA77-4D7D-8BC7-06B98F861745}.Debug|iPhoneSimulator.Build.0 = Debug|Any CPU
		{1AC2EE29-DA77-4D7D-8BC7-06B98F861745}.Debug|iPhone.ActiveCfg = Debug|Any CPU
		{1AC2EE29-DA77-4D7D-8BC7-06B98F861745}.Debug|iPhone.Build.0 = Debug|Any CPU
		{1AC2EE29-DA77-4D7D-8BC7-06B98F861745}.Debug|x86.ActiveCfg = Debug|Any CPU
		{1AC2EE29-DA77-4D7D-8BC7-06B98F861745}.Debug|x86.Build.0 = Debug|Any CPU
		{1AC2EE29-DA77-4D7D-8BC7-06B98F861745}.Debug|x64.ActiveCfg = Debug|Any CPU
		{1AC2EE29-DA77-4D7D-8BC7-06B98F861745}.Debug|x64.Build.0 = Debug|Any CPU
		{1AC2EE29-DA77-4D7D-8BC7-06B98F861745}.Debug|arm64.ActiveCfg = Debug|Any CPU
		{1AC2EE29-DA77-4D7D-8BC7-06B98F861745}.Debug|arm64.Build.0 = Debug|Any CPU
		{1AC2EE29-DA77-4D7D-8BC7-06B98F861745}.Debug|Any CPU.ActiveCfg = Debug|Any CPU
		{1AC2EE29-DA77-4D7D-8BC7-06B98F861745}.Debug|Any CPU.Build.0 = Debug|Any CPU
		{1AC2EE29-DA77-4D7D-8BC7-06B98F861745}.Release|anycpu.ActiveCfg = Release|Any CPU
		{1AC2EE29-DA77-4D7D-8BC7-06B98F861745}.Release|anycpu.Build.0 = Release|Any CPU
		{1AC2EE29-DA77-4D7D-8BC7-06B98F861745}.Release|iPhoneSimulator.ActiveCfg = Release|Any CPU
		{1AC2EE29-DA77-4D7D-8BC7-06B98F861745}.Release|iPhoneSimulator.Build.0 = Release|Any CPU
		{1AC2EE29-DA77-4D7D-8BC7-06B98F861745}.Release|iPhone.ActiveCfg = Release|Any CPU
		{1AC2EE29-DA77-4D7D-8BC7-06B98F861745}.Release|iPhone.Build.0 = Release|Any CPU
		{1AC2EE29-DA77-4D7D-8BC7-06B98F861745}.Release|x86.ActiveCfg = Release|Any CPU
		{1AC2EE29-DA77-4D7D-8BC7-06B98F861745}.Release|x86.Build.0 = Release|Any CPU
		{1AC2EE29-DA77-4D7D-8BC7-06B98F861745}.Release|x64.ActiveCfg = Release|Any CPU
		{1AC2EE29-DA77-4D7D-8BC7-06B98F861745}.Release|x64.Build.0 = Release|Any CPU
		{1AC2EE29-DA77-4D7D-8BC7-06B98F861745}.Release|arm64.ActiveCfg = Release|Any CPU
		{1AC2EE29-DA77-4D7D-8BC7-06B98F861745}.Release|arm64.Build.0 = Release|Any CPU
		{1AC2EE29-DA77-4D7D-8BC7-06B98F861745}.Release|Any CPU.ActiveCfg = Release|Any CPU
		{1AC2EE29-DA77-4D7D-8BC7-06B98F861745}.Release|Any CPU.Build.0 = Release|Any CPU
		{1AC2EE29-DA77-4D7D-8BC7-06B98F861745}.Ad-Hoc|anycpu.ActiveCfg = Debug|Any CPU
		{1AC2EE29-DA77-4D7D-8BC7-06B98F861745}.Ad-Hoc|anycpu.Build.0 = Debug|Any CPU
		{1AC2EE29-DA77-4D7D-8BC7-06B98F861745}.Ad-Hoc|iPhoneSimulator.ActiveCfg = Debug|Any CPU
		{1AC2EE29-DA77-4D7D-8BC7-06B98F861745}.Ad-Hoc|iPhoneSimulator.Build.0 = Debug|Any CPU
		{1AC2EE29-DA77-4D7D-8BC7-06B98F861745}.Ad-Hoc|iPhone.ActiveCfg = Debug|Any CPU
		{1AC2EE29-DA77-4D7D-8BC7-06B98F861745}.Ad-Hoc|iPhone.Build.0 = Debug|Any CPU
		{1AC2EE29-DA77-4D7D-8BC7-06B98F861745}.Ad-Hoc|x86.ActiveCfg = Debug|Any CPU
		{1AC2EE29-DA77-4D7D-8BC7-06B98F861745}.Ad-Hoc|x86.Build.0 = Debug|Any CPU
		{1AC2EE29-DA77-4D7D-8BC7-06B98F861745}.Ad-Hoc|x64.ActiveCfg = Debug|Any CPU
		{1AC2EE29-DA77-4D7D-8BC7-06B98F861745}.Ad-Hoc|x64.Build.0 = Debug|Any CPU
		{1AC2EE29-DA77-4D7D-8BC7-06B98F861745}.Ad-Hoc|arm64.ActiveCfg = Debug|Any CPU
		{1AC2EE29-DA77-4D7D-8BC7-06B98F861745}.Ad-Hoc|arm64.Build.0 = Debug|Any CPU
		{1AC2EE29-DA77-4D7D-8BC7-06B98F861745}.Ad-Hoc|Any CPU.ActiveCfg = Debug|Any CPU
		{1AC2EE29-DA77-4D7D-8BC7-06B98F861745}.Ad-Hoc|Any CPU.Build.0 = Debug|Any CPU
		{1AC2EE29-DA77-4D7D-8BC7-06B98F861745}.AppStore|anycpu.ActiveCfg = Debug|Any CPU
		{1AC2EE29-DA77-4D7D-8BC7-06B98F861745}.AppStore|anycpu.Build.0 = Debug|Any CPU
		{1AC2EE29-DA77-4D7D-8BC7-06B98F861745}.AppStore|iPhoneSimulator.ActiveCfg = Debug|Any CPU
		{1AC2EE29-DA77-4D7D-8BC7-06B98F861745}.AppStore|iPhoneSimulator.Build.0 = Debug|Any CPU
		{1AC2EE29-DA77-4D7D-8BC7-06B98F861745}.AppStore|iPhone.ActiveCfg = Debug|Any CPU
		{1AC2EE29-DA77-4D7D-8BC7-06B98F861745}.AppStore|iPhone.Build.0 = Debug|Any CPU
		{1AC2EE29-DA77-4D7D-8BC7-06B98F861745}.AppStore|x86.ActiveCfg = Debug|Any CPU
		{1AC2EE29-DA77-4D7D-8BC7-06B98F861745}.AppStore|x86.Build.0 = Debug|Any CPU
		{1AC2EE29-DA77-4D7D-8BC7-06B98F861745}.AppStore|x64.ActiveCfg = Debug|Any CPU
		{1AC2EE29-DA77-4D7D-8BC7-06B98F861745}.AppStore|x64.Build.0 = Debug|Any CPU
		{1AC2EE29-DA77-4D7D-8BC7-06B98F861745}.AppStore|arm64.ActiveCfg = Debug|Any CPU
		{1AC2EE29-DA77-4D7D-8BC7-06B98F861745}.AppStore|arm64.Build.0 = Debug|Any CPU
		{1AC2EE29-DA77-4D7D-8BC7-06B98F861745}.AppStore|Any CPU.ActiveCfg = Debug|Any CPU
		{1AC2EE29-DA77-4D7D-8BC7-06B98F861745}.AppStore|Any CPU.Build.0 = Debug|Any CPU
		{63289A2E-5FC9-4B18-82B4-18A00B1B727C}.Debug|anycpu.ActiveCfg = Debug|Any CPU
		{63289A2E-5FC9-4B18-82B4-18A00B1B727C}.Debug|anycpu.Build.0 = Debug|Any CPU
		{63289A2E-5FC9-4B18-82B4-18A00B1B727C}.Debug|iPhoneSimulator.ActiveCfg = Debug|Any CPU
		{63289A2E-5FC9-4B18-82B4-18A00B1B727C}.Debug|iPhoneSimulator.Build.0 = Debug|Any CPU
		{63289A2E-5FC9-4B18-82B4-18A00B1B727C}.Debug|iPhone.ActiveCfg = Debug|Any CPU
		{63289A2E-5FC9-4B18-82B4-18A00B1B727C}.Debug|iPhone.Build.0 = Debug|Any CPU
		{63289A2E-5FC9-4B18-82B4-18A00B1B727C}.Debug|x86.ActiveCfg = Debug|Any CPU
		{63289A2E-5FC9-4B18-82B4-18A00B1B727C}.Debug|x86.Build.0 = Debug|Any CPU
		{63289A2E-5FC9-4B18-82B4-18A00B1B727C}.Debug|x64.ActiveCfg = Debug|Any CPU
		{63289A2E-5FC9-4B18-82B4-18A00B1B727C}.Debug|x64.Build.0 = Debug|Any CPU
		{63289A2E-5FC9-4B18-82B4-18A00B1B727C}.Debug|arm64.ActiveCfg = Debug|Any CPU
		{63289A2E-5FC9-4B18-82B4-18A00B1B727C}.Debug|arm64.Build.0 = Debug|Any CPU
		{63289A2E-5FC9-4B18-82B4-18A00B1B727C}.Debug|Any CPU.ActiveCfg = Debug|Any CPU
		{63289A2E-5FC9-4B18-82B4-18A00B1B727C}.Debug|Any CPU.Build.0 = Debug|Any CPU
		{63289A2E-5FC9-4B18-82B4-18A00B1B727C}.Release|anycpu.ActiveCfg = Release|Any CPU
		{63289A2E-5FC9-4B18-82B4-18A00B1B727C}.Release|anycpu.Build.0 = Release|Any CPU
		{63289A2E-5FC9-4B18-82B4-18A00B1B727C}.Release|iPhoneSimulator.ActiveCfg = Release|Any CPU
		{63289A2E-5FC9-4B18-82B4-18A00B1B727C}.Release|iPhoneSimulator.Build.0 = Release|Any CPU
		{63289A2E-5FC9-4B18-82B4-18A00B1B727C}.Release|iPhone.ActiveCfg = Release|Any CPU
		{63289A2E-5FC9-4B18-82B4-18A00B1B727C}.Release|iPhone.Build.0 = Release|Any CPU
		{63289A2E-5FC9-4B18-82B4-18A00B1B727C}.Release|x86.ActiveCfg = Release|Any CPU
		{63289A2E-5FC9-4B18-82B4-18A00B1B727C}.Release|x86.Build.0 = Release|Any CPU
		{63289A2E-5FC9-4B18-82B4-18A00B1B727C}.Release|x64.ActiveCfg = Release|Any CPU
		{63289A2E-5FC9-4B18-82B4-18A00B1B727C}.Release|x64.Build.0 = Release|Any CPU
		{63289A2E-5FC9-4B18-82B4-18A00B1B727C}.Release|arm64.ActiveCfg = Release|Any CPU
		{63289A2E-5FC9-4B18-82B4-18A00B1B727C}.Release|arm64.Build.0 = Release|Any CPU
		{63289A2E-5FC9-4B18-82B4-18A00B1B727C}.Release|Any CPU.ActiveCfg = Release|Any CPU
		{63289A2E-5FC9-4B18-82B4-18A00B1B727C}.Release|Any CPU.Build.0 = Release|Any CPU
		{63289A2E-5FC9-4B18-82B4-18A00B1B727C}.Ad-Hoc|anycpu.ActiveCfg = Debug|Any CPU
		{63289A2E-5FC9-4B18-82B4-18A00B1B727C}.Ad-Hoc|anycpu.Build.0 = Debug|Any CPU
		{63289A2E-5FC9-4B18-82B4-18A00B1B727C}.Ad-Hoc|iPhoneSimulator.ActiveCfg = Debug|Any CPU
		{63289A2E-5FC9-4B18-82B4-18A00B1B727C}.Ad-Hoc|iPhoneSimulator.Build.0 = Debug|Any CPU
		{63289A2E-5FC9-4B18-82B4-18A00B1B727C}.Ad-Hoc|iPhone.ActiveCfg = Debug|Any CPU
		{63289A2E-5FC9-4B18-82B4-18A00B1B727C}.Ad-Hoc|iPhone.Build.0 = Debug|Any CPU
		{63289A2E-5FC9-4B18-82B4-18A00B1B727C}.Ad-Hoc|x86.ActiveCfg = Debug|Any CPU
		{63289A2E-5FC9-4B18-82B4-18A00B1B727C}.Ad-Hoc|x86.Build.0 = Debug|Any CPU
		{63289A2E-5FC9-4B18-82B4-18A00B1B727C}.Ad-Hoc|x64.ActiveCfg = Debug|Any CPU
		{63289A2E-5FC9-4B18-82B4-18A00B1B727C}.Ad-Hoc|x64.Build.0 = Debug|Any CPU
		{63289A2E-5FC9-4B18-82B4-18A00B1B727C}.Ad-Hoc|arm64.ActiveCfg = Debug|Any CPU
		{63289A2E-5FC9-4B18-82B4-18A00B1B727C}.Ad-Hoc|arm64.Build.0 = Debug|Any CPU
		{63289A2E-5FC9-4B18-82B4-18A00B1B727C}.Ad-Hoc|Any CPU.ActiveCfg = Debug|Any CPU
		{63289A2E-5FC9-4B18-82B4-18A00B1B727C}.Ad-Hoc|Any CPU.Build.0 = Debug|Any CPU
		{63289A2E-5FC9-4B18-82B4-18A00B1B727C}.AppStore|anycpu.ActiveCfg = Debug|Any CPU
		{63289A2E-5FC9-4B18-82B4-18A00B1B727C}.AppStore|anycpu.Build.0 = Debug|Any CPU
		{63289A2E-5FC9-4B18-82B4-18A00B1B727C}.AppStore|iPhoneSimulator.ActiveCfg = Debug|Any CPU
		{63289A2E-5FC9-4B18-82B4-18A00B1B727C}.AppStore|iPhoneSimulator.Build.0 = Debug|Any CPU
		{63289A2E-5FC9-4B18-82B4-18A00B1B727C}.AppStore|iPhone.ActiveCfg = Debug|Any CPU
		{63289A2E-5FC9-4B18-82B4-18A00B1B727C}.AppStore|iPhone.Build.0 = Debug|Any CPU
		{63289A2E-5FC9-4B18-82B4-18A00B1B727C}.AppStore|x86.ActiveCfg = Debug|Any CPU
		{63289A2E-5FC9-4B18-82B4-18A00B1B727C}.AppStore|x86.Build.0 = Debug|Any CPU
		{63289A2E-5FC9-4B18-82B4-18A00B1B727C}.AppStore|x64.ActiveCfg = Debug|Any CPU
		{63289A2E-5FC9-4B18-82B4-18A00B1B727C}.AppStore|x64.Build.0 = Debug|Any CPU
		{63289A2E-5FC9-4B18-82B4-18A00B1B727C}.AppStore|arm64.ActiveCfg = Debug|Any CPU
		{63289A2E-5FC9-4B18-82B4-18A00B1B727C}.AppStore|arm64.Build.0 = Debug|Any CPU
		{63289A2E-5FC9-4B18-82B4-18A00B1B727C}.AppStore|Any CPU.ActiveCfg = Debug|Any CPU
		{63289A2E-5FC9-4B18-82B4-18A00B1B727C}.AppStore|Any CPU.Build.0 = Debug|Any CPU
	EndGlobalSection
	GlobalSection(SolutionProperties) = preSolution
		HideSolutionNode = FALSE
	EndGlobalSection
	GlobalSection(NestedProjects) = preSolution
		{443D1730-F063-4BBF-BCA3-2801E2EEA961} = {F79C4C16-F299-4EFD-BF2D-44DBB08C0753}
	EndGlobalSection
EndGlobal
