
Microsoft Visual Studio Solution File, Format Version 12.00
# Visual Studio 15
Project("{FAE04EC0-301F-11D3-BF4B-00C04F79EFBC}") = "Jamaa.Domain", "Jamaa.Domain\Jamaa.Domain.csproj", "{2CF051B6-E9A0-4EA8-92DD-87BCAB42BFB8}"
EndProject
Project("{2150E333-8FDC-42A3-9474-1A3956D46DE8}") = "Requirements & Design", "Requirements & Design", "{4358E602-B9FD-43EE-A842-19200DFF1E0A}"
	ProjectSection(SolutionItems) = preProject
		Product Idea.md = Product Idea.md
	EndProjectSection
EndProject
Project("{FAE04EC0-301F-11D3-BF4B-00C04F79EFBC}") = "UnitTests", "Tests\UnitTests.csproj", "{443D1730-F063-4BBF-BCA3-2801E2EEA961}"
EndProject
Project("{2150E333-8FDC-42A3-9474-1A3956D46DE8}") = "Tests", "Tests", "{F79C4C16-F299-4EFD-BF2D-44DBB08C0753}"
EndProject
Project("{FAE04EC0-301F-11D3-BF4B-00C04F79EFBC}") = "Jamaa.Desktop", "Jamaa.Desktop\Jamaa.Desktop.csproj", "{9F00D531-482F-43B3-BABE-23DB9044AF35}"
EndProject
Project("{FAE04EC0-301F-11D3-BF4B-00C04F79EFBC}") = "Jamaa.Data", "Jamaa.Data\Jamaa.Data.csproj", "{878CCB40-6E79-4250-8818-61A9AAD372A4}"
EndProject
Project("{FAE04EC0-301F-11D3-BF4B-00C04F79EFBC}") = "Jamaa.Application", "Jamaa.Application\Jamaa.Application.csproj", "{5E6027FC-A3EC-430B-8EDA-E10CDCC93762}"
EndProject
Global
	GlobalSection(SolutionConfigurationPlatforms) = preSolution
		Debug|anycpu = Debug|anycpu
		Release|anycpu = Release|anycpu
		Debug|iPhoneSimulator = Debug|iPhoneSimulator
		Release|iPhoneSimulator = Release|iPhoneSimulator
		Debug|iPhone = Debug|iPhone
		Release|iPhone = Release|iPhone
		Ad-Hoc|iPhone = Ad-Hoc|iPhone
		AppStore|iPhone = AppStore|iPhone
		Debug|x86 = Debug|x86
		Debug|x64 = Debug|x64
		Debug|arm64 = Debug|arm64
		Release|x86 = Release|x86
		Release|x64 = Release|x64
		Release|arm64 = Release|arm64
	EndGlobalSection
	GlobalSection(ProjectConfigurationPlatforms) = postSolution
		{2CF051B6-E9A0-4EA8-92DD-87BCAB42BFB8}.Debug|anycpu.ActiveCfg = Debug|Any CPU
		{2CF051B6-E9A0-4EA8-92DD-87BCAB42BFB8}.Debug|anycpu.Build.0 = Debug|Any CPU
		{2CF051B6-E9A0-4EA8-92DD-87BCAB42BFB8}.Release|anycpu.ActiveCfg = Release|Any CPU
		{2CF051B6-E9A0-4EA8-92DD-87BCAB42BFB8}.Release|anycpu.Build.0 = Release|Any CPU
		{2CF051B6-E9A0-4EA8-92DD-87BCAB42BFB8}.Debug|iPhoneSimulator.ActiveCfg = Debug|Any CPU
		{2CF051B6-E9A0-4EA8-92DD-87BCAB42BFB8}.Debug|iPhoneSimulator.Build.0 = Debug|Any CPU
		{2CF051B6-E9A0-4EA8-92DD-87BCAB42BFB8}.Release|iPhoneSimulator.ActiveCfg = Release|Any CPU
		{2CF051B6-E9A0-4EA8-92DD-87BCAB42BFB8}.Release|iPhoneSimulator.Build.0 = Release|Any CPU
		{2CF051B6-E9A0-4EA8-92DD-87BCAB42BFB8}.Debug|iPhone.ActiveCfg = Debug|Any CPU
		{2CF051B6-E9A0-4EA8-92DD-87BCAB42BFB8}.Debug|iPhone.Build.0 = Debug|Any CPU
		{2CF051B6-E9A0-4EA8-92DD-87BCAB42BFB8}.Release|iPhone.ActiveCfg = Release|Any CPU
		{2CF051B6-E9A0-4EA8-92DD-87BCAB42BFB8}.Release|iPhone.Build.0 = Release|Any CPU
		{2CF051B6-E9A0-4EA8-92DD-87BCAB42BFB8}.Ad-Hoc|iPhone.ActiveCfg = Debug|Any CPU
		{2CF051B6-E9A0-4EA8-92DD-87BCAB42BFB8}.Ad-Hoc|iPhone.Build.0 = Debug|Any CPU
		{2CF051B6-E9A0-4EA8-92DD-87BCAB42BFB8}.AppStore|iPhone.ActiveCfg = Debug|Any CPU
		{2CF051B6-E9A0-4EA8-92DD-87BCAB42BFB8}.AppStore|iPhone.Build.0 = Debug|Any CPU
		{2CF051B6-E9A0-4EA8-92DD-87BCAB42BFB8}.Debug|x86.ActiveCfg = Debug|Any CPU
		{2CF051B6-E9A0-4EA8-92DD-87BCAB42BFB8}.Debug|x86.Build.0 = Debug|Any CPU
		{2CF051B6-E9A0-4EA8-92DD-87BCAB42BFB8}.Debug|x64.ActiveCfg = Debug|Any CPU
		{2CF051B6-E9A0-4EA8-92DD-87BCAB42BFB8}.Debug|x64.Build.0 = Debug|Any CPU
		{2CF051B6-E9A0-4EA8-92DD-87BCAB42BFB8}.Debug|arm64.ActiveCfg = Debug|Any CPU
		{2CF051B6-E9A0-4EA8-92DD-87BCAB42BFB8}.Debug|arm64.Build.0 = Debug|Any CPU
		{2CF051B6-E9A0-4EA8-92DD-87BCAB42BFB8}.Release|x86.ActiveCfg = Release|Any CPU
		{2CF051B6-E9A0-4EA8-92DD-87BCAB42BFB8}.Release|x86.Build.0 = Release|Any CPU
		{2CF051B6-E9A0-4EA8-92DD-87BCAB42BFB8}.Release|x64.ActiveCfg = Release|Any CPU
		{2CF051B6-E9A0-4EA8-92DD-87BCAB42BFB8}.Release|x64.Build.0 = Release|Any CPU
		{2CF051B6-E9A0-4EA8-92DD-87BCAB42BFB8}.Release|arm64.ActiveCfg = Release|Any CPU
		{2CF051B6-E9A0-4EA8-92DD-87BCAB42BFB8}.Release|arm64.Build.0 = Release|Any CPU
		{443D1730-F063-4BBF-BCA3-2801E2EEA961}.Debug|anycpu.ActiveCfg = Debug|Any CPU
		{443D1730-F063-4BBF-BCA3-2801E2EEA961}.Debug|anycpu.Build.0 = Debug|Any CPU
		{443D1730-F063-4BBF-BCA3-2801E2EEA961}.Release|anycpu.ActiveCfg = Release|Any CPU
		{443D1730-F063-4BBF-BCA3-2801E2EEA961}.Release|anycpu.Build.0 = Release|Any CPU
		{443D1730-F063-4BBF-BCA3-2801E2EEA961}.Debug|iPhoneSimulator.ActiveCfg = Debug|Any CPU
		{443D1730-F063-4BBF-BCA3-2801E2EEA961}.Debug|iPhoneSimulator.Build.0 = Debug|Any CPU
		{443D1730-F063-4BBF-BCA3-2801E2EEA961}.Release|iPhoneSimulator.ActiveCfg = Release|Any CPU
		{443D1730-F063-4BBF-BCA3-2801E2EEA961}.Release|iPhoneSimulator.Build.0 = Release|Any CPU
		{443D1730-F063-4BBF-BCA3-2801E2EEA961}.Debug|iPhone.ActiveCfg = Debug|Any CPU
		{443D1730-F063-4BBF-BCA3-2801E2EEA961}.Debug|iPhone.Build.0 = Debug|Any CPU
		{443D1730-F063-4BBF-BCA3-2801E2EEA961}.Release|iPhone.ActiveCfg = Release|Any CPU
		{443D1730-F063-4BBF-BCA3-2801E2EEA961}.Release|iPhone.Build.0 = Release|Any CPU
		{443D1730-F063-4BBF-BCA3-2801E2EEA961}.Ad-Hoc|iPhone.ActiveCfg = Debug|Any CPU
		{443D1730-F063-4BBF-BCA3-2801E2EEA961}.Ad-Hoc|iPhone.Build.0 = Debug|Any CPU
		{443D1730-F063-4BBF-BCA3-2801E2EEA961}.AppStore|iPhone.ActiveCfg = Debug|Any CPU
		{443D1730-F063-4BBF-BCA3-2801E2EEA961}.AppStore|iPhone.Build.0 = Debug|Any CPU
		{443D1730-F063-4BBF-BCA3-2801E2EEA961}.Debug|x86.ActiveCfg = Debug|Any CPU
		{443D1730-F063-4BBF-BCA3-2801E2EEA961}.Debug|x86.Build.0 = Debug|Any CPU
		{443D1730-F063-4BBF-BCA3-2801E2EEA961}.Debug|x64.ActiveCfg = Debug|Any CPU
		{443D1730-F063-4BBF-BCA3-2801E2EEA961}.Debug|x64.Build.0 = Debug|Any CPU
		{443D1730-F063-4BBF-BCA3-2801E2EEA961}.Debug|arm64.ActiveCfg = Debug|Any CPU
		{443D1730-F063-4BBF-BCA3-2801E2EEA961}.Debug|arm64.Build.0 = Debug|Any CPU
		{443D1730-F063-4BBF-BCA3-2801E2EEA961}.Release|x86.ActiveCfg = Release|Any CPU
		{443D1730-F063-4BBF-BCA3-2801E2EEA961}.Release|x86.Build.0 = Release|Any CPU
		{443D1730-F063-4BBF-BCA3-2801E2EEA961}.Release|x64.ActiveCfg = Release|Any CPU
		{443D1730-F063-4BBF-BCA3-2801E2EEA961}.Release|x64.Build.0 = Release|Any CPU
		{443D1730-F063-4BBF-BCA3-2801E2EEA961}.Release|arm64.ActiveCfg = Release|Any CPU
		{443D1730-F063-4BBF-BCA3-2801E2EEA961}.Release|arm64.Build.0 = Release|Any CPU
		{9F00D531-482F-43B3-BABE-23DB9044AF35}.Debug|anycpu.ActiveCfg = Debug|Any CPU
		{9F00D531-482F-43B3-BABE-23DB9044AF35}.Debug|anycpu.Build.0 = Debug|Any CPU
		{9F00D531-482F-43B3-BABE-23DB9044AF35}.Release|anycpu.ActiveCfg = Release|Any CPU
		{9F00D531-482F-43B3-BABE-23DB9044AF35}.Release|anycpu.Build.0 = Release|Any CPU
		{9F00D531-482F-43B3-BABE-23DB9044AF35}.Debug|iPhoneSimulator.ActiveCfg = Debug|Any CPU
		{9F00D531-482F-43B3-BABE-23DB9044AF35}.Debug|iPhoneSimulator.Build.0 = Debug|Any CPU
		{9F00D531-482F-43B3-BABE-23DB9044AF35}.Release|iPhoneSimulator.ActiveCfg = Release|Any CPU
		{9F00D531-482F-43B3-BABE-23DB9044AF35}.Release|iPhoneSimulator.Build.0 = Release|Any CPU
		{9F00D531-482F-43B3-BABE-23DB9044AF35}.Debug|iPhone.ActiveCfg = Debug|Any CPU
		{9F00D531-482F-43B3-BABE-23DB9044AF35}.Debug|iPhone.Build.0 = Debug|Any CPU
		{9F00D531-482F-43B3-BABE-23DB9044AF35}.Release|iPhone.ActiveCfg = Release|Any CPU
		{9F00D531-482F-43B3-BABE-23DB9044AF35}.Release|iPhone.Build.0 = Release|Any CPU
		{9F00D531-482F-43B3-BABE-23DB9044AF35}.Ad-Hoc|iPhone.ActiveCfg = Debug|Any CPU
		{9F00D531-482F-43B3-BABE-23DB9044AF35}.Ad-Hoc|iPhone.Build.0 = Debug|Any CPU
		{9F00D531-482F-43B3-BABE-23DB9044AF35}.AppStore|iPhone.ActiveCfg = Debug|Any CPU
		{9F00D531-482F-43B3-BABE-23DB9044AF35}.AppStore|iPhone.Build.0 = Debug|Any CPU
		{9F00D531-482F-43B3-BABE-23DB9044AF35}.Debug|x86.ActiveCfg = Debug|Any CPU
		{9F00D531-482F-43B3-BABE-23DB9044AF35}.Debug|x86.Build.0 = Debug|Any CPU
		{9F00D531-482F-43B3-BABE-23DB9044AF35}.Debug|x64.ActiveCfg = Debug|Any CPU
		{9F00D531-482F-43B3-BABE-23DB9044AF35}.Debug|x64.Build.0 = Debug|Any CPU
		{9F00D531-482F-43B3-BABE-23DB9044AF35}.Debug|arm64.ActiveCfg = Debug|Any CPU
		{9F00D531-482F-43B3-BABE-23DB9044AF35}.Debug|arm64.Build.0 = Debug|Any CPU
		{9F00D531-482F-43B3-BABE-23DB9044AF35}.Release|x86.ActiveCfg = Release|Any CPU
		{9F00D531-482F-43B3-BABE-23DB9044AF35}.Release|x86.Build.0 = Release|Any CPU
		{9F00D531-482F-43B3-BABE-23DB9044AF35}.Release|x64.ActiveCfg = Release|Any CPU
		{9F00D531-482F-43B3-BABE-23DB9044AF35}.Release|x64.Build.0 = Release|Any CPU
		{9F00D531-482F-43B3-BABE-23DB9044AF35}.Release|arm64.ActiveCfg = Release|Any CPU
		{9F00D531-482F-43B3-BABE-23DB9044AF35}.Release|arm64.Build.0 = Release|Any CPU
		{878CCB40-6E79-4250-8818-61A9AAD372A4}.Debug|anycpu.ActiveCfg = Debug|Any CPU
		{878CCB40-6E79-4250-8818-61A9AAD372A4}.Debug|anycpu.Build.0 = Debug|Any CPU
		{878CCB40-6E79-4250-8818-61A9AAD372A4}.Release|anycpu.ActiveCfg = Release|Any CPU
		{878CCB40-6E79-4250-8818-61A9AAD372A4}.Release|anycpu.Build.0 = Release|Any CPU
		{878CCB40-6E79-4250-8818-61A9AAD372A4}.Debug|iPhoneSimulator.ActiveCfg = Debug|Any CPU
		{878CCB40-6E79-4250-8818-61A9AAD372A4}.Debug|iPhoneSimulator.Build.0 = Debug|Any CPU
		{878CCB40-6E79-4250-8818-61A9AAD372A4}.Release|iPhoneSimulator.ActiveCfg = Release|Any CPU
		{878CCB40-6E79-4250-8818-61A9AAD372A4}.Release|iPhoneSimulator.Build.0 = Release|Any CPU
		{878CCB40-6E79-4250-8818-61A9AAD372A4}.Debug|iPhone.ActiveCfg = Debug|Any CPU
		{878CCB40-6E79-4250-8818-61A9AAD372A4}.Debug|iPhone.Build.0 = Debug|Any CPU
		{878CCB40-6E79-4250-8818-61A9AAD372A4}.Release|iPhone.ActiveCfg = Release|Any CPU
		{878CCB40-6E79-4250-8818-61A9AAD372A4}.Release|iPhone.Build.0 = Release|Any CPU
		{878CCB40-6E79-4250-8818-61A9AAD372A4}.Ad-Hoc|iPhone.ActiveCfg = Debug|Any CPU
		{878CCB40-6E79-4250-8818-61A9AAD372A4}.Ad-Hoc|iPhone.Build.0 = Debug|Any CPU
		{878CCB40-6E79-4250-8818-61A9AAD372A4}.AppStore|iPhone.ActiveCfg = Debug|Any CPU
		{878CCB40-6E79-4250-8818-61A9AAD372A4}.AppStore|iPhone.Build.0 = Debug|Any CPU
		{878CCB40-6E79-4250-8818-61A9AAD372A4}.Debug|x86.ActiveCfg = Debug|Any CPU
		{878CCB40-6E79-4250-8818-61A9AAD372A4}.Debug|x86.Build.0 = Debug|Any CPU
		{878CCB40-6E79-4250-8818-61A9AAD372A4}.Debug|x64.ActiveCfg = Debug|Any CPU
		{878CCB40-6E79-4250-8818-61A9AAD372A4}.Debug|x64.Build.0 = Debug|Any CPU
		{878CCB40-6E79-4250-8818-61A9AAD372A4}.Debug|arm64.ActiveCfg = Debug|Any CPU
		{878CCB40-6E79-4250-8818-61A9AAD372A4}.Debug|arm64.Build.0 = Debug|Any CPU
		{878CCB40-6E79-4250-8818-61A9AAD372A4}.Release|x86.ActiveCfg = Release|Any CPU
		{878CCB40-6E79-4250-8818-61A9AAD372A4}.Release|x86.Build.0 = Release|Any CPU
		{878CCB40-6E79-4250-8818-61A9AAD372A4}.Release|x64.ActiveCfg = Release|Any CPU
		{878CCB40-6E79-4250-8818-61A9AAD372A4}.Release|x64.Build.0 = Release|Any CPU
		{878CCB40-6E79-4250-8818-61A9AAD372A4}.Release|arm64.ActiveCfg = Release|Any CPU
		{878CCB40-6E79-4250-8818-61A9AAD372A4}.Release|arm64.Build.0 = Release|Any CPU
		{5E6027FC-A3EC-430B-8EDA-E10CDCC93762}.Debug|anycpu.ActiveCfg = Debug|Any CPU
		{5E6027FC-A3EC-430B-8EDA-E10CDCC93762}.Debug|anycpu.Build.0 = Debug|Any CPU
		{5E6027FC-A3EC-430B-8EDA-E10CDCC93762}.Release|anycpu.ActiveCfg = Release|Any CPU
		{5E6027FC-A3EC-430B-8EDA-E10CDCC93762}.Release|anycpu.Build.0 = Release|Any CPU
		{5E6027FC-A3EC-430B-8EDA-E10CDCC93762}.Debug|iPhoneSimulator.ActiveCfg = Debug|Any CPU
		{5E6027FC-A3EC-430B-8EDA-E10CDCC93762}.Debug|iPhoneSimulator.Build.0 = Debug|Any CPU
		{5E6027FC-A3EC-430B-8EDA-E10CDCC93762}.Release|iPhoneSimulator.ActiveCfg = Release|Any CPU
		{5E6027FC-A3EC-430B-8EDA-E10CDCC93762}.Release|iPhoneSimulator.Build.0 = Release|Any CPU
		{5E6027FC-A3EC-430B-8EDA-E10CDCC93762}.Debug|iPhone.ActiveCfg = Debug|Any CPU
		{5E6027FC-A3EC-430B-8EDA-E10CDCC93762}.Debug|iPhone.Build.0 = Debug|Any CPU
		{5E6027FC-A3EC-430B-8EDA-E10CDCC93762}.Release|iPhone.ActiveCfg = Release|Any CPU
		{5E6027FC-A3EC-430B-8EDA-E10CDCC93762}.Release|iPhone.Build.0 = Release|Any CPU
		{5E6027FC-A3EC-430B-8EDA-E10CDCC93762}.Ad-Hoc|iPhone.ActiveCfg = Debug|Any CPU
		{5E6027FC-A3EC-430B-8EDA-E10CDCC93762}.Ad-Hoc|iPhone.Build.0 = Debug|Any CPU
		{5E6027FC-A3EC-430B-8EDA-E10CDCC93762}.AppStore|iPhone.ActiveCfg = Debug|Any CPU
		{5E6027FC-A3EC-430B-8EDA-E10CDCC93762}.AppStore|iPhone.Build.0 = Debug|Any CPU
		{5E6027FC-A3EC-430B-8EDA-E10CDCC93762}.Debug|x86.ActiveCfg = Debug|Any CPU
		{5E6027FC-A3EC-430B-8EDA-E10CDCC93762}.Debug|x86.Build.0 = Debug|Any CPU
		{5E6027FC-A3EC-430B-8EDA-E10CDCC93762}.Debug|x64.ActiveCfg = Debug|Any CPU
		{5E6027FC-A3EC-430B-8EDA-E10CDCC93762}.Debug|x64.Build.0 = Debug|Any CPU
		{5E6027FC-A3EC-430B-8EDA-E10CDCC93762}.Debug|arm64.ActiveCfg = Debug|Any CPU
		{5E6027FC-A3EC-430B-8EDA-E10CDCC93762}.Debug|arm64.Build.0 = Debug|Any CPU
		{5E6027FC-A3EC-430B-8EDA-E10CDCC93762}.Release|x86.ActiveCfg = Release|Any CPU
		{5E6027FC-A3EC-430B-8EDA-E10CDCC93762}.Release|x86.Build.0 = Release|Any CPU
		{5E6027FC-A3EC-430B-8EDA-E10CDCC93762}.Release|x64.ActiveCfg = Release|Any CPU
		{5E6027FC-A3EC-430B-8EDA-E10CDCC93762}.Release|x64.Build.0 = Release|Any CPU
		{5E6027FC-A3EC-430B-8EDA-E10CDCC93762}.Release|arm64.ActiveCfg = Release|Any CPU
		{5E6027FC-A3EC-430B-8EDA-E10CDCC93762}.Release|arm64.Build.0 = Release|Any CPU
	EndGlobalSection
	GlobalSection(NestedProjects) = preSolution
		{443D1730-F063-4BBF-BCA3-2801E2EEA961} = {F79C4C16-F299-4EFD-BF2D-44DBB08C0753}
	EndGlobalSection
EndGlobal
